// !$*UTF8*$!
{
	archiveVersion = 1;
	classes = {
	};
	objectVersion = 70;
	objects = {

/* Begin PBXBuildFile section */
		209B7DC52C84A1D50002C300 /* TinderApp.swift in Sources */ = {isa = PBXBuildFile; fileRef = 209B7DC42C84A1D50002C300 /* TinderApp.swift */; };
		209B7DC72C84A1D50002C300 /* ContentView.swift in Sources */ = {isa = PBXBuildFile; fileRef = 209B7DC62C84A1D50002C300 /* ContentView.swift */; };
		209B7DC92C84A1D80002C300 /* Assets.xcassets in Resources */ = {isa = PBXBuildFile; fileRef = 209B7DC82C84A1D80002C300 /* Assets.xcassets */; };
		209B7DCC2C84A1D80002C300 /* Preview Assets.xcassets in Resources */ = {isa = PBXBuildFile; fileRef = 209B7DCB2C84A1D80002C300 /* Preview Assets.xcassets */; };
		209B7DDE2C86A69B0002C300 /* MainTabView.swift in Sources */ = {isa = PBXBuildFile; fileRef = 209B7DDD2C86A69B0002C300 /* MainTabView.swift */; };
		209B7DE12C86B81B0002C300 /* CardView.swift in Sources */ = {isa = PBXBuildFile; fileRef = 209B7DE02C86B81B0002C300 /* CardView.swift */; };
		20B0F5B52C898F64008255C2 /* UserInfoView.swift in Sources */ = {isa = PBXBuildFile; fileRef = 20B0F5B42C898F64008255C2 /* UserInfoView.swift */; };
		20F8F1052CE65D97002BFEC6 /* SwipeActionIndicatorView.swift in Sources */ = {isa = PBXBuildFile; fileRef = 20F8F1042CE65D96002BFEC6 /* SwipeActionIndicatorView.swift */; };
		20F8F1072CE78B99002BFEC6 /* SizeConstants.swift in Sources */ = {isa = PBXBuildFile; fileRef = 20F8F1062CE78B99002BFEC6 /* SizeConstants.swift */; };
		A1260CBA2D789B3500782C52 /* ImageScrollingOverlay.swift in Sources */ = {isa = PBXBuildFile; fileRef = A1260CB92D789B3500782C52 /* ImageScrollingOverlay.swift */; };
		A1260CBC2D78E7E400782C52 /* CardImageIndicatorView.swift in Sources */ = {isa = PBXBuildFile; fileRef = A1260CBB2D78E7E400782C52 /* CardImageIndicatorView.swift */; };
		A1260CBE2D7CB6C300782C52 /* CardStack.swift in Sources */ = {isa = PBXBuildFile; fileRef = A1260CBD2D7CB6C300782C52 /* CardStack.swift */; };
		A1260CD52D81A5A800782C52 /* MockData.swift in Sources */ = {isa = PBXBuildFile; fileRef = A1260CD42D81A5A800782C52 /* MockData.swift */; };
/* End PBXBuildFile section */

/* Begin PBXFileReference section */
		209B7DC12C84A1D50002C300 /* Tinder.app */ = {isa = PBXFileReference; explicitFileType = wrapper.application; includeInIndex = 0; path = Tinder.app; sourceTree = BUILT_PRODUCTS_DIR; };
		209B7DC42C84A1D50002C300 /* TinderApp.swift */ = {isa = PBXFileReference; lastKnownFileType = sourcecode.swift; path = TinderApp.swift; sourceTree = "<group>"; };
		209B7DC62C84A1D50002C300 /* ContentView.swift */ = {isa = PBXFileReference; lastKnownFileType = sourcecode.swift; path = ContentView.swift; sourceTree = "<group>"; };
		209B7DC82C84A1D80002C300 /* Assets.xcassets */ = {isa = PBXFileReference; lastKnownFileType = folder.assetcatalog; path = Assets.xcassets; sourceTree = "<group>"; };
		209B7DCB2C84A1D80002C300 /* Preview Assets.xcassets */ = {isa = PBXFileReference; lastKnownFileType = folder.assetcatalog; path = "Preview Assets.xcassets"; sourceTree = "<group>"; };
		209B7DDD2C86A69B0002C300 /* MainTabView.swift */ = {isa = PBXFileReference; lastKnownFileType = sourcecode.swift; path = MainTabView.swift; sourceTree = "<group>"; };
		209B7DE02C86B81B0002C300 /* CardView.swift */ = {isa = PBXFileReference; lastKnownFileType = sourcecode.swift; path = CardView.swift; sourceTree = "<group>"; };
		20B0F5B42C898F64008255C2 /* UserInfoView.swift */ = {isa = PBXFileReference; lastKnownFileType = sourcecode.swift; path = UserInfoView.swift; sourceTree = "<group>"; };
		20F8F1042CE65D96002BFEC6 /* SwipeActionIndicatorView.swift */ = {isa = PBXFileReference; lastKnownFileType = sourcecode.swift; path = SwipeActionIndicatorView.swift; sourceTree = "<group>"; };
		20F8F1062CE78B99002BFEC6 /* SizeConstants.swift */ = {isa = PBXFileReference; lastKnownFileType = sourcecode.swift; path = SizeConstants.swift; sourceTree = "<group>"; };
		A1260CB92D789B3500782C52 /* ImageScrollingOverlay.swift */ = {isa = PBXFileReference; lastKnownFileType = sourcecode.swift; path = ImageScrollingOverlay.swift; sourceTree = "<group>"; };
		A1260CBB2D78E7E400782C52 /* CardImageIndicatorView.swift */ = {isa = PBXFileReference; lastKnownFileType = sourcecode.swift; path = CardImageIndicatorView.swift; sourceTree = "<group>"; };
		A1260CBD2D7CB6C300782C52 /* CardStack.swift */ = {isa = PBXFileReference; lastKnownFileType = sourcecode.swift; path = CardStack.swift; sourceTree = "<group>"; };
		A1260CD42D81A5A800782C52 /* MockData.swift */ = {isa = PBXFileReference; lastKnownFileType = sourcecode.swift; path = MockData.swift; sourceTree = "<group>"; };
/* End PBXFileReference section */

/* Begin PBXFileSystemSynchronizedRootGroup section */
		A1260CC52D7CC3C500782C52 /* Shared */ = {isa = PBXFileSystemSynchronizedRootGroup; explicitFileTypes = {}; explicitFolders = (); path = Shared; sourceTree = "<group>"; };
		A1260CCA2D7CC5D500782C52 /* Model */ = {isa = PBXFileSystemSynchronizedRootGroup; explicitFileTypes = {}; explicitFolders = (); path = Model; sourceTree = "<group>"; };
		A1260CCD2D7CD2E100782C52 /* Service */ = {isa = PBXFileSystemSynchronizedRootGroup; explicitFileTypes = {}; explicitFolders = (); path = Service; sourceTree = "<group>"; };
		A1260CD02D80C88700782C52 /* ViewModel */ = {isa = PBXFileSystemSynchronizedRootGroup; explicitFileTypes = {}; explicitFolders = (); path = ViewModel; sourceTree = "<group>"; };
/* End PBXFileSystemSynchronizedRootGroup section */

/* Begin PBXFrameworksBuildPhase section */
		209B7DBE2C84A1D50002C300 /* Frameworks */ = {
			isa = PBXFrameworksBuildPhase;
			buildActionMask = 2147483647;
			files = (
			);
			runOnlyForDeploymentPostprocessing = 0;
		};
/* End PBXFrameworksBuildPhase section */

/* Begin PBXGroup section */
		209B7DB82C84A1D50002C300 = {
			isa = PBXGroup;
			children = (
				209B7DC32C84A1D50002C300 /* Tinder */,
				209B7DC22C84A1D50002C300 /* Products */,
			);
			sourceTree = "<group>";
		};
		209B7DC22C84A1D50002C300 /* Products */ = {
			isa = PBXGroup;
			children = (
				209B7DC12C84A1D50002C300 /* Tinder.app */,
			);
			name = Products;
			sourceTree = "<group>";
		};
		209B7DC32C84A1D50002C300 /* Tinder */ = {
			isa = PBXGroup;
			children = (
				209B7DD42C86A4600002C300 /* Extensions */,
				209B7DD22C86A43C0002C300 /* App */,
				209B7DD32C86A44F0002C300 /* Core */,
				209B7DD62C86A4C90002C300 /* Utilis */,
				A1260CC52D7CC3C500782C52 /* Shared */,
				209B7DC42C84A1D50002C300 /* TinderApp.swift */,
				209B7DC62C84A1D50002C300 /* ContentView.swift */,
				209B7DC82C84A1D80002C300 /* Assets.xcassets */,
				209B7DCA2C84A1D80002C300 /* Preview Content */,
			);
			path = Tinder;
			sourceTree = "<group>";
		};
		209B7DCA2C84A1D80002C300 /* Preview Content */ = {
			isa = PBXGroup;
			children = (
				209B7DCB2C84A1D80002C300 /* Preview Assets.xcassets */,
			);
			path = "Preview Content";
			sourceTree = "<group>";
		};
		209B7DD22C86A43C0002C300 /* App */ = {
			isa = PBXGroup;
			children = (
			);
			path = App;
			sourceTree = "<group>";
		};
		209B7DD32C86A44F0002C300 /* Core */ = {
			isa = PBXGroup;
			children = (
				209B7DD92C86A5870002C300 /* Cards */,
				209B7DDC2C86A5AA0002C300 /* Messaging */,
				209B7DDA2C86A5970002C300 /* Profile */,
				209B7DDB2C86A5A20002C300 /* Search */,
				209B7DD72C86A5100002C300 /* TabBar */,
			);
			path = Core;
			sourceTree = "<group>";
		};
		209B7DD42C86A4600002C300 /* Extensions */ = {
			isa = PBXGroup;
			children = (
			);
			path = Extensions;
			sourceTree = "<group>";
		};
		209B7DD62C86A4C90002C300 /* Utilis */ = {
			isa = PBXGroup;
			children = (
				20F8F1062CE78B99002BFEC6 /* SizeConstants.swift */,
				A1260CD42D81A5A800782C52 /* MockData.swift */,
			);
			path = Utilis;
			sourceTree = "<group>";
		};
		209B7DD72C86A5100002C300 /* TabBar */ = {
			isa = PBXGroup;
			children = (
				209B7DDD2C86A69B0002C300 /* MainTabView.swift */,
			);
			path = TabBar;
			sourceTree = "<group>";
		};
		209B7DD92C86A5870002C300 /* Cards */ = {
			isa = PBXGroup;
			children = (
				A1260CD02D80C88700782C52 /* ViewModel */,
				A1260CCD2D7CD2E100782C52 /* Service */,
				A1260CCA2D7CC5D500782C52 /* Model */,
				209B7DDF2C86B80A0002C300 /* Views */,
			);
			path = Cards;
			sourceTree = "<group>";
		};
		209B7DDA2C86A5970002C300 /* Profile */ = {
			isa = PBXGroup;
			children = (
			);
			path = Profile;
			sourceTree = "<group>";
		};
		209B7DDB2C86A5A20002C300 /* Search */ = {
			isa = PBXGroup;
			children = (
			);
			path = Search;
			sourceTree = "<group>";
		};
		209B7DDC2C86A5AA0002C300 /* Messaging */ = {
			isa = PBXGroup;
			children = (
			);
			path = Messaging;
			sourceTree = "<group>";
		};
		209B7DDF2C86B80A0002C300 /* Views */ = {
			isa = PBXGroup;
			children = (
				209B7DE02C86B81B0002C300 /* CardView.swift */,
				A1260CBD2D7CB6C300782C52 /* CardStack.swift */,
				A1260CBB2D78E7E400782C52 /* CardImageIndicatorView.swift */,
				A1260CB92D789B3500782C52 /* ImageScrollingOverlay.swift */,
				20B0F5B42C898F64008255C2 /* UserInfoView.swift */,
				20F8F1042CE65D96002BFEC6 /* SwipeActionIndicatorView.swift */,
			);
			path = Views;
			sourceTree = "<group>";
		};
/* End PBXGroup section */

/* Begin PBXNativeTarget section */
		209B7DC02C84A1D50002C300 /* Tinder */ = {
			isa = PBXNativeTarget;
			buildConfigurationList = 209B7DCF2C84A1D80002C300 /* Build configuration list for PBXNativeTarget "Tinder" */;
			buildPhases = (
				209B7DBD2C84A1D50002C300 /* Sources */,
				209B7DBE2C84A1D50002C300 /* Frameworks */,
				209B7DBF2C84A1D50002C300 /* Resources */,
			);
			buildRules = (
			);
			dependencies = (
			);
			fileSystemSynchronizedGroups = (
				A1260CC52D7CC3C500782C52 /* Shared */,
				A1260CCA2D7CC5D500782C52 /* Model */,
				A1260CCD2D7CD2E100782C52 /* Service */,
				A1260CD02D80C88700782C52 /* ViewModel */,
			);
			name = Tinder;
			productName = Tinder;
			productReference = 209B7DC12C84A1D50002C300 /* Tinder.app */;
			productType = "com.apple.product-type.application";
		};
/* End PBXNativeTarget section */

/* Begin PBXProject section */
		209B7DB92C84A1D50002C300 /* Project object */ = {
			isa = PBXProject;
			attributes = {
				BuildIndependentTargetsInParallel = 1;
				LastSwiftUpdateCheck = 1540;
				LastUpgradeCheck = 1540;
				TargetAttributes = {
					209B7DC02C84A1D50002C300 = {
						CreatedOnToolsVersion = 15.4;
					};
				};
			};
			buildConfigurationList = 209B7DBC2C84A1D50002C300 /* Build configuration list for PBXProject "Tinder" */;
			compatibilityVersion = "Xcode 14.0";
			developmentRegion = en;
			hasScannedForEncodings = 0;
			knownRegions = (
				en,
				Base,
			);
			mainGroup = 209B7DB82C84A1D50002C300;
			productRefGroup = 209B7DC22C84A1D50002C300 /* Products */;
			projectDirPath = "";
			projectRoot = "";
			targets = (
				209B7DC02C84A1D50002C300 /* Tinder */,
			);
		};
/* End PBXProject section */

/* Begin PBXResourcesBuildPhase section */
		209B7DBF2C84A1D50002C300 /* Resources */ = {
			isa = PBXResourcesBuildPhase;
			buildActionMask = 2147483647;
			files = (
				209B7DCC2C84A1D80002C300 /* Preview Assets.xcassets in Resources */,
				209B7DC92C84A1D80002C300 /* Assets.xcassets in Resources */,
			);
			runOnlyForDeploymentPostprocessing = 0;
		};
/* End PBXResourcesBuildPhase section */

/* Begin PBXSourcesBuildPhase section */
		209B7DBD2C84A1D50002C300 /* Sources */ = {
			isa = PBXSourcesBuildPhase;
			buildActionMask = 2147483647;
			files = (
				A1260CBA2D789B3500782C52 /* ImageScrollingOverlay.swift in Sources */,
				209B7DC72C84A1D50002C300 /* ContentView.swift in Sources */,
				20F8F1052CE65D97002BFEC6 /* SwipeActionIndicatorView.swift in Sources */,
				A1260CD52D81A5A800782C52 /* MockData.swift in Sources */,
				209B7DC52C84A1D50002C300 /* TinderApp.swift in Sources */,
				A1260CBC2D78E7E400782C52 /* CardImageIndicatorView.swift in Sources */,
				209B7DE12C86B81B0002C300 /* CardView.swift in Sources */,
				20F8F1072CE78B99002BFEC6 /* SizeConstants.swift in Sources */,
				209B7DDE2C86A69B0002C300 /* MainTabView.swift in Sources */,
				A1260CBE2D7CB6C300782C52 /* CardStack.swift in Sources */,
				20B0F5B52C898F64008255C2 /* UserInfoView.swift in Sources */,
			);
			runOnlyForDeploymentPostprocessing = 0;
		};
/* End PBXSourcesBuildPhase section */

/* Begin XCBuildConfiguration section */
		209B7DCD2C84A1D80002C300 /* Debug */ = {
			isa = XCBuildConfiguration;
			buildSettings = {
				ALWAYS_SEARCH_USER_PATHS = NO;
				ASSETCATALOG_COMPILER_GENERATE_SWIFT_ASSET_SYMBOL_EXTENSIONS = YES;
				CLANG_ANALYZER_NONNULL = YES;
				CLANG_ANALYZER_NUMBER_OBJECT_CONVERSION = YES_AGGRESSIVE;
				CLANG_CXX_LANGUAGE_STANDARD = "gnu++20";
				CLANG_ENABLE_MODULES = YES;
				CLANG_ENABLE_OBJC_ARC = YES;
				CLANG_ENABLE_OBJC_WEAK = YES;
				CLANG_WARN_BLOCK_CAPTURE_AUTORELEASING = YES;
				CLANG_WARN_BOOL_CONVERSION = YES;
				CLANG_WARN_COMMA = YES;
				CLANG_WARN_CONSTANT_CONVERSION = YES;
				CLANG_WARN_DEPRECATED_OBJC_IMPLEMENTATIONS = YES;
				CLANG_WARN_DIRECT_OBJC_ISA_USAGE = YES_ERROR;
				CLANG_WARN_DOCUMENTATION_COMMENTS = YES;
				CLANG_WARN_EMPTY_BODY = YES;
				CLANG_WARN_ENUM_CONVERSION = YES;
				CLANG_WARN_INFINITE_RECURSION = YES;
				CLANG_WARN_INT_CONVERSION = YES;
				CLANG_WARN_NON_LITERAL_NULL_CONVERSION = YES;
				CLANG_WARN_OBJC_IMPLICIT_RETAIN_SELF = YES;
				CLANG_WARN_OBJC_LITERAL_CONVERSION = YES;
				CLANG_WARN_OBJC_ROOT_CLASS = YES_ERROR;
				CLANG_WARN_QUOTED_INCLUDE_IN_FRAMEWORK_HEADER = YES;
				CLANG_WARN_RANGE_LOOP_ANALYSIS = YES;
				CLANG_WARN_STRICT_PROTOTYPES = YES;
				CLANG_WARN_SUSPICIOUS_MOVE = YES;
				CLANG_WARN_UNGUARDED_AVAILABILITY = YES_AGGRESSIVE;
				CLANG_WARN_UNREACHABLE_CODE = YES;
				CLANG_WARN__DUPLICATE_METHOD_MATCH = YES;
				COPY_PHASE_STRIP = NO;
				DEBUG_INFORMATION_FORMAT = dwarf;
				ENABLE_STRICT_OBJC_MSGSEND = YES;
				ENABLE_TESTABILITY = YES;
				ENABLE_USER_SCRIPT_SANDBOXING = YES;
				GCC_C_LANGUAGE_STANDARD = gnu17;
				GCC_DYNAMIC_NO_PIC = NO;
				GCC_NO_COMMON_BLOCKS = YES;
				GCC_OPTIMIZATION_LEVEL = 0;
				GCC_PREPROCESSOR_DEFINITIONS = (
					"DEBUG=1",
					"$(inherited)",
				);
				GCC_WARN_64_TO_32_BIT_CONVERSION = YES;
				GCC_WARN_ABOUT_RETURN_TYPE = YES_ERROR;
				GCC_WARN_UNDECLARED_SELECTOR = YES;
				GCC_WARN_UNINITIALIZED_AUTOS = YES_AGGRESSIVE;
				GCC_WARN_UNUSED_FUNCTION = YES;
				GCC_WARN_UNUSED_VARIABLE = YES;
				IPHONEOS_DEPLOYMENT_TARGET = 17.5;
				LOCALIZATION_PREFERS_STRING_CATALOGS = YES;
				MTL_ENABLE_DEBUG_INFO = INCLUDE_SOURCE;
				MTL_FAST_MATH = YES;
				ONLY_ACTIVE_ARCH = YES;
				SDKROOT = iphoneos;
				SWIFT_ACTIVE_COMPILATION_CONDITIONS = "DEBUG $(inherited)";
				SWIFT_OPTIMIZATION_LEVEL = "-Onone";
			};
			name = Debug;
		};
		209B7DCE2C84A1D80002C300 /* Release */ = {
			isa = XCBuildConfiguration;
			buildSettings = {
				ALWAYS_SEARCH_USER_PATHS = NO;
				ASSETCATALOG_COMPILER_GENERATE_SWIFT_ASSET_SYMBOL_EXTENSIONS = YES;
				CLANG_ANALYZER_NONNULL = YES;
				CLANG_ANALYZER_NUMBER_OBJECT_CONVERSION = YES_AGGRESSIVE;
				CLANG_CXX_LANGUAGE_STANDARD = "gnu++20";
				CLANG_ENABLE_MODULES = YES;
				CLANG_ENABLE_OBJC_ARC = YES;
				CLANG_ENABLE_OBJC_WEAK = YES;
				CLANG_WARN_BLOCK_CAPTURE_AUTORELEASING = YES;
				CLANG_WARN_BOOL_CONVERSION = YES;
				CLANG_WARN_COMMA = YES;
				CLANG_WARN_CONSTANT_CONVERSION = YES;
				CLANG_WARN_DEPRECATED_OBJC_IMPLEMENTATIONS = YES;
				CLANG_WARN_DIRECT_OBJC_ISA_USAGE = YES_ERROR;
				CLANG_WARN_DOCUMENTATION_COMMENTS = YES;
				CLANG_WARN_EMPTY_BODY = YES;
				CLANG_WARN_ENUM_CONVERSION = YES;
				CLANG_WARN_INFINITE_RECURSION = YES;
				CLANG_WARN_INT_CONVERSION = YES;
				CLANG_WARN_NON_LITERAL_NULL_CONVERSION = YES;
				CLANG_WARN_OBJC_IMPLICIT_RETAIN_SELF = YES;
				CLANG_WARN_OBJC_LITERAL_CONVERSION = YES;
				CLANG_WARN_OBJC_ROOT_CLASS = YES_ERROR;
				CLANG_WARN_QUOTED_INCLUDE_IN_FRAMEWORK_HEADER = YES;
				CLANG_WARN_RANGE_LOOP_ANALYSIS = YES;
				CLANG_WARN_STRICT_PROTOTYPES = YES;
				CLANG_WARN_SUSPICIOUS_MOVE = YES;
				CLANG_WARN_UNGUARDED_AVAILABILITY = YES_AGGRESSIVE;
				CLANG_WARN_UNREACHABLE_CODE = YES;
				CLANG_WARN__DUPLICATE_METHOD_MATCH = YES;
				COPY_PHASE_STRIP = NO;
				DEBUG_INFORMATION_FORMAT = "dwarf-with-dsym";
				ENABLE_NS_ASSERTIONS = NO;
				ENABLE_STRICT_OBJC_MSGSEND = YES;
				ENABLE_USER_SCRIPT_SANDBOXING = YES;
				GCC_C_LANGUAGE_STANDARD = gnu17;
				GCC_NO_COMMON_BLOCKS = YES;
				GCC_WARN_64_TO_32_BIT_CONVERSION = YES;
				GCC_WARN_ABOUT_RETURN_TYPE = YES_ERROR;
				GCC_WARN_UNDECLARED_SELECTOR = YES;
				GCC_WARN_UNINITIALIZED_AUTOS = YES_AGGRESSIVE;
				GCC_WARN_UNUSED_FUNCTION = YES;
				GCC_WARN_UNUSED_VARIABLE = YES;
				IPHONEOS_DEPLOYMENT_TARGET = 17.5;
				LOCALIZATION_PREFERS_STRING_CATALOGS = YES;
				MTL_ENABLE_DEBUG_INFO = NO;
				MTL_FAST_MATH = YES;
				SDKROOT = iphoneos;
				SWIFT_COMPILATION_MODE = wholemodule;
				VALIDATE_PRODUCT = YES;
			};
			name = Release;
		};
		209B7DD02C84A1D80002C300 /* Debug */ = {
			isa = XCBuildConfiguration;
			buildSettings = {
				ASSETCATALOG_COMPILER_APPICON_NAME = AppIcon;
				ASSETCATALOG_COMPILER_GLOBAL_ACCENT_COLOR_NAME = AccentColor;
				CODE_SIGN_STYLE = Automatic;
				CURRENT_PROJECT_VERSION = 1;
				DEVELOPMENT_ASSET_PATHS = "\"Tinder/Preview Content\"";
				DEVELOPMENT_TEAM = 7RWMCRQ389;
				ENABLE_PREVIEWS = YES;
				GENERATE_INFOPLIST_FILE = YES;
				INFOPLIST_KEY_UIApplicationSceneManifest_Generation = YES;
				INFOPLIST_KEY_UIApplicationSupportsIndirectInputEvents = YES;
				INFOPLIST_KEY_UILaunchScreen_Generation = YES;
				INFOPLIST_KEY_UISupportedInterfaceOrientations_iPad = "UIInterfaceOrientationPortrait UIInterfaceOrientationPortraitUpsideDown UIInterfaceOrientationLandscapeLeft UIInterfaceOrientationLandscapeRight";
				INFOPLIST_KEY_UISupportedInterfaceOrientations_iPhone = "UIInterfaceOrientationPortrait UIInterfaceOrientationLandscapeLeft UIInterfaceOrientationLandscapeRight";
				LD_RUNPATH_SEARCH_PATHS = (
					"$(inherited)",
					"@executable_path/Frameworks",
				);
				MARKETING_VERSION = 1.0;
				PRODUCT_BUNDLE_IDENTIFIER = vaidik.Tinder;
				PRODUCT_NAME = "$(TARGET_NAME)";
				SWIFT_EMIT_LOC_STRINGS = YES;
				SWIFT_VERSION = 5.0;
				TARGETED_DEVICE_FAMILY = "1,2";
			};
			name = Debug;
		};
		209B7DD12C84A1D80002C300 /* Release */ = {
			isa = XCBuildConfiguration;
			buildSettings = {
				ASSETCATALOG_COMPILER_APPICON_NAME = AppIcon;
				ASSETCATALOG_COMPILER_GLOBAL_ACCENT_COLOR_NAME = AccentColor;
				CODE_SIGN_STYLE = Automatic;
				CURRENT_PROJECT_VERSION = 1;
				DEVELOPMENT_ASSET_PATHS = "\"Tinder/Preview Content\"";
				DEVELOPMENT_TEAM = 7RWMCRQ389;
				ENABLE_PREVIEWS = YES;
				GENERATE_INFOPLIST_FILE = YES;
				INFOPLIST_KEY_UIApplicationSceneManifest_Generation = YES;
				INFOPLIST_KEY_UIApplicationSupportsIndirectInputEvents = YES;
				INFOPLIST_KEY_UILaunchScreen_Generation = YES;
				INFOPLIST_KEY_UISupportedInterfaceOrientations_iPad = "UIInterfaceOrientationPortrait UIInterfaceOrientationPortraitUpsideDown UIInterfaceOrientationLandscapeLeft UIInterfaceOrientationLandscapeRight";
				INFOPLIST_KEY_UISupportedInterfaceOrientations_iPhone = "UIInterfaceOrientationPortrait UIInterfaceOrientationLandscapeLeft UIInterfaceOrientationLandscapeRight";
				LD_RUNPATH_SEARCH_PATHS = (
					"$(inherited)",
					"@executable_path/Frameworks",
				);
				MARKETING_VERSION = 1.0;
				PRODUCT_BUNDLE_IDENTIFIER = vaidik.Tinder;
				PRODUCT_NAME = "$(TARGET_NAME)";
				SWIFT_EMIT_LOC_STRINGS = YES;
				SWIFT_VERSION = 5.0;
				TARGETED_DEVICE_FAMILY = "1,2";
			};
			name = Release;
		};
/* End XCBuildConfiguration section */

/* Begin XCConfigurationList section */
		209B7DBC2C84A1D50002C300 /* Build configuration list for PBXProject "Tinder" */ = {
			isa = XCConfigurationList;
			buildConfigurations = (
				209B7DCD2C84A1D80002C300 /* Debug */,
				209B7DCE2C84A1D80002C300 /* Release */,
			);
			defaultConfigurationIsVisible = 0;
			defaultConfigurationName = Release;
		};
		209B7DCF2C84A1D80002C300 /* Build configuration list for PBXNativeTarget "Tinder" */ = {
			isa = XCConfigurationList;
			buildConfigurations = (
				209B7DD02C84A1D80002C300 /* Debug */,
				209B7DD12C84A1D80002C300 /* Release */,
			);
			defaultConfigurationIsVisible = 0;
			defaultConfigurationName = Release;
		};
/* End XCConfigurationList section */
	};
	rootObject = 209B7DB92C84A1D50002C300 /* Project object */;
}
